# generated by rye
# use `rye lock` or `rye sync` to update this lockfile
#
# last locked with the following flags:
#   pre: false
#   features: []
#   all-features: false
#   with-sources: false
#   generate-hashes: false

-e file:.
attrs==23.2.0
    # via pytest
certifi==2024.6.2
    # via requests
charset-normalizer==3.3.2
    # via requests
click==7.1.2
    # via audience-data-generator
    # via presto-python-client
idna==3.7
    # via requests
more-itertools==10.3.0
    # via pytest
msgpack==1.0.8
    # via td-client
numpy==1.23.5
    # via audience-data-generator
    # via pandas
    # via pytd
packaging==24.1
    # via pytest
pandas==1.5.3
    # via pytd
pluggy==0.13.1
    # via pytest
presto-python-client==0.8.4
    # via pytd
py==1.11.0
    # via pytest
pytd==1.5.2
    # via audience-data-generator
pytest==5.4.3
python-dateutil==2.9.0.post0
    # via pandas
    # via td-client
pytz==2024.1
    # via pandas
    # via pytd
requests==2.32.3
    # via presto-python-client
setuptools==70.1.0
    # via audience-data-generator
six==1.16.0
    # via presto-python-client
    # via python-dateutil
td-client==1.2.1
    # via pytd
urllib3==1.26.19
    # via pytd
    # via requests
    # via td-client
wcwidth==0.2.13
    # via pytest
